
Microsoft Visual Studio Solution File, Format Version 12.00
# Visual Studio Version 16
VisualStudioVersion = 16.0.31321.278
MinimumVisualStudioVersion = 10.0.40219.1
Project("{9A19103F-16F7-4668-BE54-9A1E7A4F7556}") = "AlmaIntegrationTools", "AlmaIntegrationTools\AlmaIntegrationTools.csproj", "{9185F704-CB17-45BE-BE52-4B813DFE6A00}"
EndProject
Global
	GlobalSection(SolutionConfigurationPlatforms) = preSolution
		Debug|Any CPU = Debug|Any CPU
		Release|Any CPU = Release|Any CPU
	EndGlobalSection
	GlobalSection(ProjectConfigurationPlatforms) = postSolution
		{9185F704-CB17-45BE-BE52-4B813DFE6A00}.Debug|Any CPU.ActiveCfg = Debug|Any CPU
		{9185F704-CB17-45BE-BE52-4B813DFE6A00}.Debug|Any CPU.Build.0 = Debug|Any CPU
		{9185F704-CB17-45BE-BE52-4B813DFE6A00}.Release|Any CPU.ActiveCfg = Release|Any CPU
		{9185F704-CB17-45BE-BE52-4B813DFE6A00}.Release|Any CPU.Build.0 = Release|Any CPU
	EndGlobalSection
	GlobalSection(SolutionProperties) = preSolution
		HideSolutionNode = FALSE
	EndGlobalSection
	GlobalSection(ExtensibilityGlobals) = postSolution
		SolutionGuid = {52E493A4-C6AC-4199-83B4-3E5BD3467BBA}
	EndGlobalSection
EndGlobal
