
Microsoft Visual Studio Solution File, Format Version 12.00
# Visual Studio Version 16
VisualStudioVersion = 16.0.31402.337
MinimumVisualStudioVersion = 10.0.40219.1
Project("{FAE04EC0-301F-11D3-BF4B-00C04F79EFBC}") = "AlmaIntegrationTools.AccountSync", "AlmaIntegrationTools.AccountSync\AlmaIntegrationTools.AccountSync.csproj", "{26598062-3B28-49DA-8B34-CE1DD2315CD6}"
EndProject
Global
	GlobalSection(SolutionConfigurationPlatforms) = preSolution
		Debug|Any CPU = Debug|Any CPU
		Release|Any CPU = Release|Any CPU
	EndGlobalSection
	GlobalSection(ProjectConfigurationPlatforms) = postSolution
		{26598062-3B28-49DA-8B34-CE1DD2315CD6}.Debug|Any CPU.ActiveCfg = Debug|Any CPU
		{26598062-3B28-49DA-8B34-CE1DD2315CD6}.Debug|Any CPU.Build.0 = Debug|Any CPU
		{26598062-3B28-49DA-8B34-CE1DD2315CD6}.Release|Any CPU.ActiveCfg = Release|Any CPU
		{26598062-3B28-49DA-8B34-CE1DD2315CD6}.Release|Any CPU.Build.0 = Release|Any CPU
	EndGlobalSection
	GlobalSection(SolutionProperties) = preSolution
		HideSolutionNode = FALSE
	EndGlobalSection
	GlobalSection(ExtensibilityGlobals) = postSolution
		SolutionGuid = {8E958D91-8C31-47C5-A9D0-A591E949D972}
	EndGlobalSection
EndGlobal
